// !$*UTF8*$!
{
	archiveVersion = 1;
	classes = {
	};
	objectVersion = 46;
	objects = {

/* Begin PBXBuildFile section */
		841C721C1DF64FA100D5FCD1 /* main.m in Sources */ = {isa = PBXBuildFile; fileRef = 841C721B1DF64FA100D5FCD1 /* main.m */; };
		841C721F1DF64FA100D5FCD1 /* AppDelegate.m in Sources */ = {isa = PBXBuildFile; fileRef = 841C721E1DF64FA100D5FCD1 /* AppDelegate.m */; };
		841C72221DF64FA100D5FCD1 /* ViewController.m in Sources */ = {isa = PBXBuildFile; fileRef = 841C72211DF64FA100D5FCD1 /* ViewController.m */; };
		841C72251DF64FA100D5FCD1 /* Main.storyboard in Resources */ = {isa = PBXBuildFile; fileRef = 841C72231DF64FA100D5FCD1 /* Main.storyboard */; };
		841C72271DF64FA100D5FCD1 /* Assets.xcassets in Resources */ = {isa = PBXBuildFile; fileRef = 841C72261DF64FA100D5FCD1 /* Assets.xcassets */; };
		841C722A1DF64FA100D5FCD1 /* LaunchScreen.storyboard in Resources */ = {isa = PBXBuildFile; fileRef = 841C72281DF64FA100D5FCD1 /* LaunchScreen.storyboard */; };
/* End PBXBuildFile section */

/* Begin PBXFileReference section */
		841C72171DF64FA100D5FCD1 /* iOS1612gitDemo.app */ = {isa = PBXFileReference; explicitFileType = wrapper.application; includeInIndex = 0; path = iOS1612gitDemo.app; sourceTree = BUILT_PRODUCTS_DIR; };
		841C721B1DF64FA100D5FCD1 /* main.m */ = {isa = PBXFileReference; lastKnownFileType = sourcecode.c.objc; path = main.m; sourceTree = "<group>"; };
		841C721D1DF64FA100D5FCD1 /* AppDelegate.h */ = {isa = PBXFileReference; lastKnownFileType = sourcecode.c.h; path = AppDelegate.h; sourceTree = "<group>"; };
		841C721E1DF64FA100D5FCD1 /* AppDelegate.m */ = {isa = PBXFileReference; lastKnownFileType = sourcecode.c.objc; path = AppDelegate.m; sourceTree = "<group>"; };
		841C72201DF64FA100D5FCD1 /* ViewController.h */ = {isa = PBXFileReference; lastKnownFileType = sourcecode.c.h; path = ViewController.h; sourceTree = "<group>"; };
		841C72211DF64FA100D5FCD1 /* ViewController.m */ = {isa = PBXFileReference; lastKnownFileType = sourcecode.c.objc; path = ViewController.m; sourceTree = "<group>"; };
		841C72241DF64FA100D5FCD1 /* Base */ = {isa = PBXFileReference; lastKnownFileType = file.storyboard; name = Base; path = Base.lproj/Main.storyboard; sourceTree = "<group>"; };
		841C72261DF64FA100D5FCD1 /* Assets.xcassets */ = {isa = PBXFileReference; lastKnownFileType = folder.assetcatalog; path = Assets.xcassets; sourceTree = "<group>"; };
		841C72291DF64FA100D5FCD1 /* Base */ = {isa = PBXFileReference; lastKnownFileType = file.storyboard; name = Base; path = Base.lproj/LaunchScreen.storyboard; sourceTree = "<group>"; };
		841C722B1DF64FA100D5FCD1 /* Info.plist */ = {isa = PBXFileReference; lastKnownFileType = text.plist.xml; path = Info.plist; sourceTree = "<group>"; };
/* End PBXFileReference section */

/* Begin PBXFrameworksBuildPhase section */
		841C72141DF64FA100D5FCD1 /* Frameworks */ = {
			isa = PBXFrameworksBuildPhase;
			buildActionMask = 2147483647;
			files = (
			);
			runOnlyForDeploymentPostprocessing = 0;
		};
/* End PBXFrameworksBuildPhase section */

/* Begin PBXGroup section */
		841C720E1DF64FA100D5FCD1 = {
			isa = PBXGroup;
			children = (
				841C72191DF64FA100D5FCD1 /* iOS1612gitDemo */,
				841C72181DF64FA100D5FCD1 /* Products */,
			);
			sourceTree = "<group>";
		};
		841C72181DF64FA100D5FCD1 /* Products */ = {
			isa = PBXGroup;
			children = (
				841C72171DF64FA100D5FCD1 /* iOS1612gitDemo.app */,
			);
			name = Products;
			sourceTree = "<group>";
		};
		841C72191DF64FA100D5FCD1 /* iOS1612gitDemo */ = {
			isa = PBXGroup;
			children = (
				841C721D1DF64FA100D5FCD1 /* AppDelegate.h */,
				841C721E1DF64FA100D5FCD1 /* AppDelegate.m */,
				841C72201DF64FA100D5FCD1 /* ViewController.h */,
				841C72211DF64FA100D5FCD1 /* ViewController.m */,
				841C72231DF64FA100D5FCD1 /* Main.storyboard */,
				841C72261DF64FA100D5FCD1 /* Assets.xcassets */,
				841C72281DF64FA100D5FCD1 /* LaunchScreen.storyboard */,
				841C722B1DF64FA100D5FCD1 /* Info.plist */,
				841C721A1DF64FA100D5FCD1 /* Supporting Files */,
			);
			path = iOS1612gitDemo;
			sourceTree = "<group>";
		};
		841C721A1DF64FA100D5FCD1 /* Supporting Files */ = {
			isa = PBXGroup;
			children = (
				841C721B1DF64FA100D5FCD1 /* main.m */,
			);
			name = "Supporting Files";
			sourceTree = "<group>";
		};
/* End PBXGroup section */

/* Begin PBXNativeTarget section */
		841C72161DF64FA100D5FCD1 /* iOS1612gitDemo */ = {
			isa = PBXNativeTarget;
			buildConfigurationList = 841C722E1DF64FA100D5FCD1 /* Build configuration list for PBXNativeTarget "iOS1612gitDemo" */;
			buildPhases = (
				841C72131DF64FA100D5FCD1 /* Sources */,
				841C72141DF64FA100D5FCD1 /* Frameworks */,
				841C72151DF64FA100D5FCD1 /* Resources */,
			);
			buildRules = (
			);
			dependencies = (
			);
			name = iOS1612gitDemo;
			productName = iOS1612gitDemo;
			productReference = 841C72171DF64FA100D5FCD1 /* iOS1612gitDemo.app */;
			productType = "com.apple.product-type.application";
		};
/* End PBXNativeTarget section */

/* Begin PBXProject section */
		841C720F1DF64FA100D5FCD1 /* Project object */ = {
			isa = PBXProject;
			attributes = {
				LastUpgradeCheck = 0730;
				ORGANIZATIONNAME = "夏婷";
				TargetAttributes = {
					841C72161DF64FA100D5FCD1 = {
						CreatedOnToolsVersion = 7.3.1;
					};
				};
			};
			buildConfigurationList = 841C72121DF64FA100D5FCD1 /* Build configuration list for PBXProject "iOS1612gitDemo" */;
			compatibilityVersion = "Xcode 3.2";
			developmentRegion = English;
			hasScannedForEncodings = 0;
			knownRegions = (
				en,
				Base,
			);
			mainGroup = 841C720E1DF64FA100D5FCD1;
			productRefGroup = 841C72181DF64FA100D5FCD1 /* Products */;
			projectDirPath = "";
			projectRoot = "";
			targets = (
				841C72161DF64FA100D5FCD1 /* iOS1612gitDemo */,
			);
		};
/* End PBXProject section */

/* Begin PBXResourcesBuildPhase section */
		841C72151DF64FA100D5FCD1 /* Resources */ = {
			isa = PBXResourcesBuildPhase;
			buildActionMask = 2147483647;
			files = (
				841C722A1DF64FA100D5FCD1 /* LaunchScreen.storyboard in Resources */,
				841C72271DF64FA100D5FCD1 /* Assets.xcassets in Resources */,
				841C72251DF64FA100D5FCD1 /* Main.storyboard in Resources */,
			);
			runOnlyForDeploymentPostprocessing = 0;
		};
/* End PBXResourcesBuildPhase section */

/* Begin PBXSourcesBuildPhase section */
		841C72131DF64FA100D5FCD1 /* Sources */ = {
			isa = PBXSourcesBuildPhase;
			buildActionMask = 2147483647;
			files = (
				841C72221DF64FA100D5FCD1 /* ViewController.m in Sources */,
				841C721F1DF64FA100D5FCD1 /* AppDelegate.m in Sources */,
				841C721C1DF64FA100D5FCD1 /* main.m in Sources */,
			);
			runOnlyForDeploymentPostprocessing = 0;
		};
/* End PBXSourcesBuildPhase section */

/* Begin PBXVariantGroup section */
		841C72231DF64FA100D5FCD1 /* Main.storyboard */ = {
			isa = PBXVariantGroup;
			children = (
				841C72241DF64FA100D5FCD1 /* Base */,
			);
			name = Main.storyboard;
			sourceTree = "<group>";
		};
		841C72281DF64FA100D5FCD1 /* LaunchScreen.storyboard */ = {
			isa = PBXVariantGroup;
			children = (
				841C72291DF64FA100D5FCD1 /* Base */,
			);
			name = LaunchScreen.storyboard;
			sourceTree = "<group>";
		};
/* End PBXVariantGroup section */

/* Begin XCBuildConfiguration section */
		841C722C1DF64FA100D5FCD1 /* Debug */ = {
			isa = XCBuildConfiguration;
			buildSettings = {
				ALWAYS_SEARCH_USER_PATHS = NO;
				CLANG_ANALYZER_NONNULL = YES;
				CLANG_CXX_LANGUAGE_STANDARD = "gnu++0x";
				CLANG_CXX_LIBRARY = "libc++";
				CLANG_ENABLE_MODULES = YES;
				CLANG_ENABLE_OBJC_ARC = YES;
				CLANG_WARN_BOOL_CONVERSION = YES;
				CLANG_WARN_CONSTANT_CONVERSION = YES;
				CLANG_WARN_DIRECT_OBJC_ISA_USAGE = YES_ERROR;
				CLANG_WARN_EMPTY_BODY = YES;
				CLANG_WARN_ENUM_CONVERSION = YES;
				CLANG_WARN_INT_CONVERSION = YES;
				CLANG_WARN_OBJC_ROOT_CLASS = YES_ERROR;
				CLANG_WARN_UNREACHABLE_CODE = YES;
				CLANG_WARN__DUPLICATE_METHOD_MATCH = YES;
				"CODE_SIGN_IDENTITY[sdk=iphoneos*]" = "iPhone Developer";
				COPY_PHASE_STRIP = NO;
				DEBUG_INFORMATION_FORMAT = dwarf;
				ENABLE_STRICT_OBJC_MSGSEND = YES;
				ENABLE_TESTABILITY = YES;
				GCC_C_LANGUAGE_STANDARD = gnu99;
				GCC_DYNAMIC_NO_PIC = NO;
				GCC_NO_COMMON_BLOCKS = YES;
				GCC_OPTIMIZATION_LEVEL = 0;
				GCC_PREPROCESSOR_DEFINITIONS = (
					"DEBUG=1",
					"$(inherited)",
				);
				GCC_WARN_64_TO_32_BIT_CONVERSION = YES;
				GCC_WARN_ABOUT_RETURN_TYPE = YES_ERROR;
				GCC_WARN_UNDECLARED_SELECTOR = YES;
				GCC_WARN_UNINITIALIZED_AUTOS = YES_AGGRESSIVE;
				GCC_WARN_UNUSED_FUNCTION = YES;
				GCC_WARN_UNUSED_VARIABLE = YES;
				IPHONEOS_DEPLOYMENT_TARGET = 9.3;
				MTL_ENABLE_DEBUG_INFO = YES;
				ONLY_ACTIVE_ARCH = YES;
				SDKROOT = iphoneos;
			};
			name = Debug;
		};
		841C722D1DF64FA100D5FCD1 /* Release */ = {
			isa = XCBuildConfiguration;
			buildSettings = {
				ALWAYS_SEARCH_USER_PATHS = NO;
				CLANG_ANALYZER_NONNULL = YES;
				CLANG_CXX_LANGUAGE_STANDARD = "gnu++0x";
				CLANG_CXX_LIBRARY = "libc++";
				CLANG_ENABLE_MODULES = YES;
				CLANG_ENABLE_OBJC_ARC = YES;
				CLANG_WARN_BOOL_CONVERSION = YES;
				CLANG_WARN_CONSTANT_CONVERSION = YES;
				CLANG_WARN_DIRECT_OBJC_ISA_USAGE = YES_ERROR;
				CLANG_WARN_EMPTY_BODY = YES;
				CLANG_WARN_ENUM_CONVERSION = YES;
				CLANG_WARN_INT_CONVERSION = YES;
				CLANG_WARN_OBJC_ROOT_CLASS = YES_ERROR;
				CLANG_WARN_UNREACHABLE_CODE = YES;
				CLANG_WARN__DUPLICATE_METHOD_MATCH = YES;
				"CODE_SIGN_IDENTITY[sdk=iphoneos*]" = "iPhone Developer";
				COPY_PHASE_STRIP = NO;
				DEBUG_INFORMATION_FORMAT = "dwarf-with-dsym";
				ENABLE_NS_ASSERTIONS = NO;
				ENABLE_STRICT_OBJC_MSGSEND = YES;
				GCC_C_LANGUAGE_STANDARD = gnu99;
				GCC_NO_COMMON_BLOCKS = YES;
				GCC_WARN_64_TO_32_BIT_CONVERSION = YES;
				GCC_WARN_ABOUT_RETURN_TYPE = YES_ERROR;
				GCC_WARN_UNDECLARED_SELECTOR = YES;
				GCC_WARN_UNINITIALIZED_AUTOS = YES_AGGRESSIVE;
				GCC_WARN_UNUSED_FUNCTION = YES;
				GCC_WARN_UNUSED_VARIABLE = YES;
				IPHONEOS_DEPLOYMENT_TARGET = 9.3;
				MTL_ENABLE_DEBUG_INFO = NO;
				SDKROOT = iphoneos;
				VALIDATE_PRODUCT = YES;
			};
			name = Release;
		};
		841C722F1DF64FA100D5FCD1 /* Debug */ = {
			isa = XCBuildConfiguration;
			buildSettings = {
				ASSETCATALOG_COMPILER_APPICON_NAME = AppIcon;
				INFOPLIST_FILE = iOS1612gitDemo/Info.plist;
				LD_RUNPATH_SEARCH_PATHS = "$(inherited) @executable_path/Frameworks";
				PRODUCT_BUNDLE_IDENTIFIER = com.QF.iOS1612gitDemo;
				PRODUCT_NAME = "$(TARGET_NAME)";
			};
			name = Debug;
		};
		841C72301DF64FA100D5FCD1 /* Release */ = {
			isa = XCBuildConfiguration;
			buildSettings = {
				ASSETCATALOG_COMPILER_APPICON_NAME = AppIcon;
				INFOPLIST_FILE = iOS1612gitDemo/Info.plist;
				LD_RUNPATH_SEARCH_PATHS = "$(inherited) @executable_path/Frameworks";
				PRODUCT_BUNDLE_IDENTIFIER = com.QF.iOS1612gitDemo;
				PRODUCT_NAME = "$(TARGET_NAME)";
			};
			name = Release;
		};
/* End XCBuildConfiguration section */

/* Begin XCConfigurationList section */
		841C72121DF64FA100D5FCD1 /* Build configuration list for PBXProject "iOS1612gitDemo" */ = {
			isa = XCConfigurationList;
			buildConfigurations = (
				841C722C1DF64FA100D5FCD1 /* Debug */,
				841C722D1DF64FA100D5FCD1 /* Release */,
			);
			defaultConfigurationIsVisible = 0;
			defaultConfigurationName = Release;
		};
		841C722E1DF64FA100D5FCD1 /* Build configuration list for PBXNativeTarget "iOS1612gitDemo" */ = {
			isa = XCConfigurationList;
			buildConfigurations = (
				841C722F1DF64FA100D5FCD1 /* Debug */,
				841C72301DF64FA100D5FCD1 /* Release */,
			);
			defaultConfigurationIsVisible = 0;
			defaultConfigurationName = Release;
		};
/* End XCConfigurationList section */
	};
	rootObject = 841C720F1DF64FA100D5FCD1 /* Project object */;
}
